# This file is generated by running "yarn install" inside your project.
# Manual changes might be lost - proceed with caution!

__metadata:
  version: 6
  cacheKey: 8

"@types/node@npm:^18.7.1":
  version: 18.7.1
  resolution: "@types/node@npm:18.7.1"
  checksum: f1e2b701b107f97be01da4c46845cd23bcdcb2865f9abbb2847546d09587e726ea207daca6f0d1e72196875ef8c62feeeff5f1c1f2070445acd6d1a61d815c7c
  languageName: node
  linkType: hard

"WEB-56917@workspace:.":
  version: 0.0.0-use.local
  resolution: "WEB-56917@workspace:."
  dependencies:
    "@types/node": ^18.7.1
    clipanion: ^3.2.0-rc.11
    typescript: 4.8.0-beta
  languageName: unknown
  linkType: soft

"clipanion@npm:^3.2.0-rc.11":
  version: 3.2.0-rc.11
  resolution: "clipanion@npm:3.2.0-rc.11"
  dependencies:
    typanion: ^3.8.0
  peerDependencies:
    typanion: "*"
  checksum: cbf37dd1b991c33f3450c1896e80d5a15c8e5fe647058020037bbd20e4afd6937612ee8877b9009d5128a07b4a01aa50297883e25520f61f0d249543c62abbc0
  languageName: node
  linkType: hard

"typanion@npm:^3.8.0":
  version: 3.9.0
  resolution: "typanion@npm:3.9.0"
  checksum: db635975e86c50399fe019010e489a9adb24a74cd19b15efb1d0f434c7dccd842a9402a6a6d60e8ab6d9f7949fd8604a019802a022427e78dbbe2e74f143527b
  languageName: node
  linkType: hard

"typescript@npm:4.8.0-beta":
  version: 4.8.0-beta
  resolution: "typescript@npm:4.8.0-beta"
  bin:
    tsc: bin/tsc
    tsserver: bin/tsserver
  checksum: a96bd6f92aafecc1286e0fc16d4680fda557ef259be60878bd7a17df48ad3af8b049e81f80f4483c4da6cd180377d2eba0287c71de74f8de2195f08de98cbb09
  languageName: node
  linkType: hard

"typescript@patch:typescript@4.8.0-beta#~builtin<compat/typescript>":
  version: 4.8.0-beta
  resolution: "typescript@patch:typescript@npm%3A4.8.0-beta#~builtin<compat/typescript>::version=4.8.0-beta&hash=f456af"
  bin:
    tsc: bin/tsc
    tsserver: bin/tsserver
  checksum: ebd2e08f6b72da7be89ee82ff4d587ca247866a571e05573f7da5a3437ae774f9ae7bdf0074ecc84bdd7095e07d6b021437128ec9541cafa9885ad5c5f3f06ff
  languageName: node
  linkType: hard
